
Microsoft Visual Studio Solution File, Format Version 12.00
# Visual Studio 15
VisualStudioVersion = 15.0.27703.2035
MinimumVisualStudioVersion = 10.0.40219.1
Project("{FAE04EC0-301F-11D3-BF4B-00C04F79EFBC}") = "snake", "snake\snake.csproj", "{8107E940-1945-4DCF-BC08-02ADEEA5DADC}"
EndProject
Global
	GlobalSection(SolutionConfigurationPlatforms) = preSolution
		Debug|Any CPU = Debug|Any CPU
		Release|Any CPU = Release|Any CPU
	EndGlobalSection
	GlobalSection(ProjectConfigurationPlatforms) = postSolution
		{8107E940-1945-4DCF-BC08-02ADEEA5DADC}.Debug|Any CPU.ActiveCfg = Debug|Any CPU
		{8107E940-1945-4DCF-BC08-02ADEEA5DADC}.Debug|Any CPU.Build.0 = Debug|Any CPU
		{8107E940-1945-4DCF-BC08-02ADEEA5DADC}.Release|Any CPU.ActiveCfg = Release|Any CPU
		{8107E940-1945-4DCF-BC08-02ADEEA5DADC}.Release|Any CPU.Build.0 = Release|Any CPU
	EndGlobalSection
	GlobalSection(SolutionProperties) = preSolution
		HideSolutionNode = FALSE
	EndGlobalSection
	GlobalSection(ExtensibilityGlobals) = postSolution
		SolutionGuid = {0FC33602-B0D1-4D71-B509-144D8756CD5F}
	EndGlobalSection
EndGlobal
